{
  "version": 4,
  "terraform_version": "1.12.2",
  "serial": 271,
  "lineage": "6b915586-099b-0234-a2a1-24638712c1c8",
  "outputs": {
    "bucket_name": {
      "value": "bucketchoquitoproj_justodaniel",
      "type": "string"
    },
    "compartments": {
      "value": {
        "ChocolateBrancoProj-prod": {
          "id": "ocid1.compartment.oc1..aaaaaaaaezywcm6ls4qds6aq65fvsuyw4fit3rvcbcvpetrailpg7jv2bj4a"
        },
        "ChoquitoProj-prod": {
          "id": "ocid1.compartment.oc1..aaaaaaaakvdk4fj2qbkf6yknx53y3es73ph4jo3g6gklfr752v5doznm2yrq"
        }
      },
      "type": [
        "object",
        {
          "ChocolateBrancoProj-prod": [
            "object",
            {
              "id": "string"
            }
          ],
          "ChoquitoProj-prod": [
            "object",
            {
              "id": "string"
            }
          ]
        }
      ]
    },
    "devops_grupo_id": {
      "value": "ocid1.policy.oc1..aaaaaaaasfzggurue3bwezahbhtijdtbgmt7zm2wzvry7en7owiqf7cielca",
      "type": "string"
    },
    "rede_grupo_id": {
      "value": "ocid1.policy.oc1..aaaaaaaavmaiasp6loztglpv5f25gykcfiqlv5mtavaeboqygvmfb34yjpwa",
      "type": "string"
    },
    "vm_choc_public_ip": {
      "value": "168.138.126.208",
      "type": "string"
    },
    "vm_choq_public_ip": {
      "value": "146.235.42.185",
      "type": "string"
    }
  },
  "resources": [
    {
      "module": "module.bucket_choquito_dev",
      "mode": "data",
      "type": "oci_objectstorage_namespace",
      "name": "ns",
      "provider": "provider[\"registry.terraform.io/hashicorp/oci\"]",
      "instances": [
        {
          "schema_version": 0,
          "attributes": {
            "compartment_id": "ocid1.tenancy.oc1..aaaaaaaa5gopwfkaevaz2ybsvqopbb5n3cb223lxtxwkgfyu537vgef675sq",
            "id": "ObjectStorageNamespaceDataSource-2830025389",
            "namespace": "grki34hwtmci"
          },
          "sensitive_attributes": [],
          "identity_schema_version": 0
        }
      ]
    },
    {
      "module": "module.bucket_choquito_dev",
      "mode": "managed",
      "type": "oci_objectstorage_bucket",
      "name": "this",
      "provider": "provider[\"registry.terraform.io/hashicorp/oci\"]",
      "instances": [
        {
          "schema_version": 0,
          "attributes": {
            "access_type": "NoPublicAccess",
            "approximate_count": "0",
            "approximate_size": "0",
            "auto_tiering": "Disabled",
            "bucket_id": "ocid1.bucket.oc1.sa-saopaulo-1.aaaaaaaa6ofcsvhxchsw5g6du2opbt655qzga4uc6zqozfvtjbmnnr4rle4q",
            "compartment_id": "ocid1.compartment.oc1..aaaaaaaakvdk4fj2qbkf6yknx53y3es73ph4jo3g6gklfr752v5doznm2yrq",
            "created_by": "ocid1.user.oc1..aaaaaaaaghkkvbzi5mjfxrbrwrebmmu22yutalgryomual36u5en7ayujqvq",
            "defined_tags": {
              "Oracle-Tags.CreatedBy": "default/carlosajdaniel@gmail.com",
              "Oracle-Tags.CreatedOn": "2025-10-21T13:20:43.902Z"
            },
            "etag": "c8a11dda-8239-4adc-9f8f-3964ca7a9994",
            "freeform_tags": {},
            "id": "n/grki34hwtmci/b/bucketchoquitoproj_justodaniel",
            "is_read_only": false,
            "kms_key_id": null,
            "metadata": null,
            "name": "bucketchoquitoproj_justodaniel",
            "namespace": "grki34hwtmci",
            "object_events_enabled": false,
            "object_lifecycle_policy_etag": null,
            "replication_enabled": false,
            "retention_rules": [],
            "storage_tier": "Standard",
            "time_created": "2025-10-21 13:20:43.909 +0000 UTC",
            "timeouts": null,
            "versioning": "Disabled"
          },
          "sensitive_attributes": [],
          "identity_schema_version": 0,
          "private": "eyJlMmJmYjczMC1lY2FhLTExZTYtOGY4OC0zNDM2M2JjN2M0YzAiOnsiY3JlYXRlIjoxMjAwMDAwMDAwMDAwLCJkZWxldGUiOjEyMDAwMDAwMDAwMDAsInVwZGF0ZSI6MTIwMDAwMDAwMDAwMH19",
          "dependencies": [
            "module.bucket_choquito_dev.data.oci_objectstorage_namespace.ns",
            "module.compartments.oci_identity_compartment.choquito_dev"
          ]
        }
      ]
    },
    {
      "module": "module.compartments",
      "mode": "managed",
      "type": "oci_identity_compartment",
      "name": "chocolatebranco_prod",
      "provider": "provider[\"registry.terraform.io/hashicorp/oci\"]",
      "instances": [
        {
          "schema_version": 0,
          "attributes": {
            "compartment_id": "ocid1.tenancy.oc1..aaaaaaaa5gopwfkaevaz2ybsvqopbb5n3cb223lxtxwkgfyu537vgef675sq",
            "defined_tags": {
              "Oracle-Tags.CreatedBy": "default/carlosajdaniel@gmail.com",
              "Oracle-Tags.CreatedOn": "2025-10-21T13:20:28.572Z"
            },
            "description": "Compartimento de produção ChocolateBranco",
            "enable_delete": true,
            "freeform_tags": {},
            "id": "ocid1.compartment.oc1..aaaaaaaaezywcm6ls4qds6aq65fvsuyw4fit3rvcbcvpetrailpg7jv2bj4a",
            "inactive_state": null,
            "is_accessible": true,
            "name": "ChocolateBrancoProj-prod",
            "state": "ACTIVE",
            "time_created": "2025-10-21 13:20:28.62 +0000 UTC",
            "timeouts": null
          },
          "sensitive_attributes": [],
          "identity_schema_version": 0,
          "private": "eyJlMmJmYjczMC1lY2FhLTExZTYtOGY4OC0zNDM2M2JjN2M0YzAiOnsiZGVsZXRlIjo1NDAwMDAwMDAwMDAwfX0="
        }
      ]
    },
    {
      "module": "module.compartments",
      "mode": "managed",
      "type": "oci_identity_compartment",
      "name": "choquito_dev",
      "provider": "provider[\"registry.terraform.io/hashicorp/oci\"]",
      "instances": [
        {
          "schema_version": 0,
          "attributes": {
            "compartment_id": "ocid1.tenancy.oc1..aaaaaaaa5gopwfkaevaz2ybsvqopbb5n3cb223lxtxwkgfyu537vgef675sq",
            "defined_tags": {
              "Oracle-Tags.CreatedBy": "default/carlosajdaniel@gmail.com",
              "Oracle-Tags.CreatedOn": "2025-10-21T13:20:28.585Z"
            },
            "description": "Compartimento de desenvolvimento Choquito",
            "enable_delete": true,
            "freeform_tags": {},
            "id": "ocid1.compartment.oc1..aaaaaaaakvdk4fj2qbkf6yknx53y3es73ph4jo3g6gklfr752v5doznm2yrq",
            "inactive_state": null,
            "is_accessible": true,
            "name": "ChoquitoProj-dev",
            "state": "ACTIVE",
            "time_created": "2025-10-21 13:20:28.814 +0000 UTC",
            "timeouts": null
          },
          "sensitive_attributes": [],
          "identity_schema_version": 0,
          "private": "eyJlMmJmYjczMC1lY2FhLTExZTYtOGY4OC0zNDM2M2JjN2M0YzAiOnsiZGVsZXRlIjo1NDAwMDAwMDAwMDAwfX0="
        }
      ]
    },
    {
      "module": "module.iam",
      "mode": "managed",
      "type": "oci_identity_policy",
      "name": "devops_policy",
      "provider": "provider[\"registry.terraform.io/hashicorp/oci\"]",
      "instances": [
        {
          "schema_version": 0,
          "attributes": {
            "ETag": "d42badd0bc333ad872177bcd196568e79c2d7488",
            "compartment_id": "ocid1.tenancy.oc1..aaaaaaaa5gopwfkaevaz2ybsvqopbb5n3cb223lxtxwkgfyu537vgef675sq",
            "defined_tags": {
              "Oracle-Tags.CreatedBy": "default/carlosajdaniel@gmail.com",
              "Oracle-Tags.CreatedOn": "2025-10-21T13:20:43.924Z"
            },
            "description": "Permissões de DevOps",
            "freeform_tags": {},
            "id": "ocid1.policy.oc1..aaaaaaaasfzggurue3bwezahbhtijdtbgmt7zm2wzvry7en7owiqf7cielca",
            "inactive_state": null,
            "lastUpdateETag": "d42badd0bc333ad872177bcd196568e79c2d7488",
            "name": "DevOpsPolicy",
            "policyHash": "4b2d59b89195557860a8eeb6c9d05b93",
            "state": "ACTIVE",
            "statements": [
              "Allow group DevOpsGrupo to manage buckets in compartment id ocid1.compartment.oc1..aaaaaaaakvdk4fj2qbkf6yknx53y3es73ph4jo3g6gklfr752v5doznm2yrq",
              "Allow group DevOpsGrupo to manage instance-family in compartment id ocid1.compartment.oc1..aaaaaaaakvdk4fj2qbkf6yknx53y3es73ph4jo3g6gklfr752v5doznm2yrq"
            ],
            "time_created": "2025-10-21 13:20:43.932 +0000 UTC",
            "timeouts": null,
            "version_date": null
          },
          "sensitive_attributes": [],
          "identity_schema_version": 0,
          "private": "eyJlMmJmYjczMC1lY2FhLTExZTYtOGY4OC0zNDM2M2JjN2M0YzAiOnsiY3JlYXRlIjoxMjAwMDAwMDAwMDAwLCJkZWxldGUiOjEyMDAwMDAwMDAwMDAsInVwZGF0ZSI6MTIwMDAwMDAwMDAwMH19",
          "dependencies": [
            "module.compartments.oci_identity_compartment.choquito_dev"
          ]
        }
      ]
    },
    {
      "module": "module.iam",
      "mode": "managed",
      "type": "oci_identity_policy",
      "name": "rede_policy",
      "provider": "provider[\"registry.terraform.io/hashicorp/oci\"]",
      "instances": [
        {
          "schema_version": 0,
          "attributes": {
            "ETag": "411a4f4476a4576668bc879eb7e588f82dc8c0f4",
            "compartment_id": "ocid1.tenancy.oc1..aaaaaaaa5gopwfkaevaz2ybsvqopbb5n3cb223lxtxwkgfyu537vgef675sq",
            "defined_tags": {
              "Oracle-Tags.CreatedBy": "default/carlosajdaniel@gmail.com",
              "Oracle-Tags.CreatedOn": "2025-10-21T13:20:35.840Z"
            },
            "description": "Permissões de rede",
            "freeform_tags": {},
            "id": "ocid1.policy.oc1..aaaaaaaavmaiasp6loztglpv5f25gykcfiqlv5mtavaeboqygvmfb34yjpwa",
            "inactive_state": null,
            "lastUpdateETag": "411a4f4476a4576668bc879eb7e588f82dc8c0f4",
            "name": "RedePolicy",
            "policyHash": "ea444cb794e83db1841370c03e8677bc",
            "state": "ACTIVE",
            "statements": [
              "Allow group RedeGrupo to manage instance-family in compartment id ocid1.compartment.oc1..aaaaaaaaezywcm6ls4qds6aq65fvsuyw4fit3rvcbcvpetrailpg7jv2bj4a"
            ],
            "time_created": "2025-10-21 13:20:35.857 +0000 UTC",
            "timeouts": null,
            "version_date": null
          },
          "sensitive_attributes": [],
          "identity_schema_version": 0,
          "private": "eyJlMmJmYjczMC1lY2FhLTExZTYtOGY4OC0zNDM2M2JjN2M0YzAiOnsiY3JlYXRlIjoxMjAwMDAwMDAwMDAwLCJkZWxldGUiOjEyMDAwMDAwMDAwMDAsInVwZGF0ZSI6MTIwMDAwMDAwMDAwMH19",
          "dependencies": [
            "module.compartments.oci_identity_compartment.chocolatebranco_prod"
          ]
        }
      ]
    },
    {
      "module": "module.net_choc_prod",
      "mode": "managed",
      "type": "oci_core_internet_gateway",
      "name": "igw",
      "provider": "provider[\"registry.terraform.io/hashicorp/oci\"]",
      "instances": [
        {
          "schema_version": 0,
          "attributes": {
            "compartment_id": "ocid1.compartment.oc1..aaaaaaaaezywcm6ls4qds6aq65fvsuyw4fit3rvcbcvpetrailpg7jv2bj4a",
            "defined_tags": {
              "Oracle-Tags.CreatedBy": "default/carlosajdaniel@gmail.com",
              "Oracle-Tags.CreatedOn": "2025-10-21T13:20:44.395Z"
            },
            "display_name": "choc-prod-igw",
            "enabled": true,
            "freeform_tags": {},
            "id": "ocid1.internetgateway.oc1.sa-saopaulo-1.aaaaaaaai6qhbtdl74o5rwhdce46lnxwfwtkgxsgn5uqwufbpwwk4zrwcezq",
            "route_table_id": null,
            "state": "AVAILABLE",
            "time_created": "2025-10-21 13:20:44.426 +0000 UTC",
            "timeouts": null,
            "vcn_id": "ocid1.vcn.oc1.sa-saopaulo-1.amaaaaaaqedgxyya6vudewcgujoospejyqvjbphct4xrtybpb2bd2trpdrtq"
          },
          "sensitive_attributes": [],
          "identity_schema_version": 0,
          "private": "eyJlMmJmYjczMC1lY2FhLTExZTYtOGY4OC0zNDM2M2JjN2M0YzAiOnsiY3JlYXRlIjoxMjAwMDAwMDAwMDAwLCJkZWxldGUiOjEyMDAwMDAwMDAwMDAsInVwZGF0ZSI6MTIwMDAwMDAwMDAwMH19",
          "dependencies": [
            "module.compartments.oci_identity_compartment.chocolatebranco_prod",
            "module.compartments.oci_identity_compartment.choquito_dev",
            "module.net_choc_prod.oci_core_vcn.this"
          ]
        }
      ]
    },
    {
      "module": "module.net_choc_prod",
      "mode": "managed",
      "type": "oci_core_route_table",
      "name": "rt",
      "provider": "provider[\"registry.terraform.io/hashicorp/oci\"]",
      "instances": [
        {
          "schema_version": 0,
          "attributes": {
            "compartment_id": "ocid1.compartment.oc1..aaaaaaaaezywcm6ls4qds6aq65fvsuyw4fit3rvcbcvpetrailpg7jv2bj4a",
            "defined_tags": {
              "Oracle-Tags.CreatedBy": "default/carlosajdaniel@gmail.com",
              "Oracle-Tags.CreatedOn": "2025-10-21T13:20:44.939Z"
            },
            "display_name": "choc-prod-rt",
            "freeform_tags": {},
            "id": "ocid1.routetable.oc1.sa-saopaulo-1.aaaaaaaadpldgl3divsv7dlitxev6e32wg7v22hmqcx6hjjmmxurnrglkbya",
            "route_rules": [
              {
                "cidr_block": "",
                "description": "Default route to IGW",
                "destination": "0.0.0.0/0",
                "destination_type": "CIDR_BLOCK",
                "network_entity_id": "ocid1.internetgateway.oc1.sa-saopaulo-1.aaaaaaaai6qhbtdl74o5rwhdce46lnxwfwtkgxsgn5uqwufbpwwk4zrwcezq",
                "route_type": "STATIC"
              }
            ],
            "state": "AVAILABLE",
            "time_created": "2025-10-21 13:20:44.962 +0000 UTC",
            "timeouts": null,
            "vcn_id": "ocid1.vcn.oc1.sa-saopaulo-1.amaaaaaaqedgxyya6vudewcgujoospejyqvjbphct4xrtybpb2bd2trpdrtq"
          },
          "sensitive_attributes": [],
          "identity_schema_version": 0,
          "private": "eyJlMmJmYjczMC1lY2FhLTExZTYtOGY4OC0zNDM2M2JjN2M0YzAiOnsiY3JlYXRlIjoxMjAwMDAwMDAwMDAwLCJkZWxldGUiOjEyMDAwMDAwMDAwMDAsInVwZGF0ZSI6MTIwMDAwMDAwMDAwMH19",
          "dependencies": [
            "module.compartments.oci_identity_compartment.chocolatebranco_prod",
            "module.compartments.oci_identity_compartment.choquito_dev",
            "module.net_choc_prod.oci_core_internet_gateway.igw",
            "module.net_choc_prod.oci_core_vcn.this"
          ]
        }
      ]
    },
    {
      "module": "module.net_choc_prod",
      "mode": "managed",
      "type": "oci_core_security_list",
      "name": "sl",
      "provider": "provider[\"registry.terraform.io/hashicorp/oci\"]",
      "instances": [
        {
          "schema_version": 0,
          "attributes": {
            "compartment_id": "ocid1.compartment.oc1..aaaaaaaaezywcm6ls4qds6aq65fvsuyw4fit3rvcbcvpetrailpg7jv2bj4a",
            "defined_tags": {
              "Oracle-Tags.CreatedBy": "default/carlosajdaniel@gmail.com",
              "Oracle-Tags.CreatedOn": "2025-10-21T13:20:44.412Z"
            },
            "display_name": "choc-prod-sl",
            "egress_security_rules": [
              {
                "description": "",
                "destination": "0.0.0.0/0",
                "destination_type": "CIDR_BLOCK",
                "icmp_options": [],
                "protocol": "all",
                "stateless": false,
                "tcp_options": [],
                "udp_options": []
              }
            ],
            "freeform_tags": {},
            "id": "ocid1.securitylist.oc1.sa-saopaulo-1.aaaaaaaath2po7jlkx2abbblqmrjv356rcc7ppuzjv2aswyg63k7ejkl5xha",
            "ingress_security_rules": [
              {
                "description": "SSH apenas do meu IP",
                "icmp_options": [],
                "protocol": "6",
                "source": "179.193.2.49/32",
                "source_type": "CIDR_BLOCK",
                "stateless": false,
                "tcp_options": [
                  {
                    "max": 22,
                    "min": 22,
                    "source_port_range": []
                  }
                ],
                "udp_options": []
              }
            ],
            "state": "AVAILABLE",
            "time_created": "2025-10-21 13:20:44.477 +0000 UTC",
            "timeouts": null,
            "vcn_id": "ocid1.vcn.oc1.sa-saopaulo-1.amaaaaaaqedgxyya6vudewcgujoospejyqvjbphct4xrtybpb2bd2trpdrtq"
          },
          "sensitive_attributes": [],
          "identity_schema_version": 0,
          "private": "eyJlMmJmYjczMC1lY2FhLTExZTYtOGY4OC0zNDM2M2JjN2M0YzAiOnsiY3JlYXRlIjoxMjAwMDAwMDAwMDAwLCJkZWxldGUiOjEyMDAwMDAwMDAwMDAsInVwZGF0ZSI6MTIwMDAwMDAwMDAwMH19",
          "dependencies": [
            "module.compartments.oci_identity_compartment.chocolatebranco_prod",
            "module.compartments.oci_identity_compartment.choquito_dev",
            "module.net_choc_prod.oci_core_vcn.this"
          ]
        }
      ]
    },
    {
      "module": "module.net_choc_prod",
      "mode": "managed",
      "type": "oci_core_subnet",
      "name": "public",
      "provider": "provider[\"registry.terraform.io/hashicorp/oci\"]",
      "instances": [
        {
          "schema_version": 0,
          "attributes": {
            "availability_domain": null,
            "cidr_block": "10.10.10.0/24",
            "compartment_id": "ocid1.compartment.oc1..aaaaaaaaezywcm6ls4qds6aq65fvsuyw4fit3rvcbcvpetrailpg7jv2bj4a",
            "defined_tags": {
              "Oracle-Tags.CreatedBy": "default/carlosajdaniel@gmail.com",
              "Oracle-Tags.CreatedOn": "2025-10-21T13:20:45.373Z"
            },
            "dhcp_options_id": "ocid1.dhcpoptions.oc1.sa-saopaulo-1.aaaaaaaa5tsp53ikntssrtzx2tmwvkxifufl3rux3dnu55rc2yidemj2cwuq",
            "display_name": "choc-prod-public-subnet",
            "dns_label": null,
            "freeform_tags": {},
            "id": "ocid1.subnet.oc1.sa-saopaulo-1.aaaaaaaau2rhlc7ss6t7jpuriqurfxvsotqmfxcvkc2qsz547c7tkxto533a",
            "ipv6cidr_block": null,
            "ipv6cidr_blocks": [],
            "ipv6virtual_router_ip": null,
            "prohibit_internet_ingress": false,
            "prohibit_public_ip_on_vnic": false,
            "route_table_id": "ocid1.routetable.oc1.sa-saopaulo-1.aaaaaaaadpldgl3divsv7dlitxev6e32wg7v22hmqcx6hjjmmxurnrglkbya",
            "security_list_ids": [
              "ocid1.securitylist.oc1.sa-saopaulo-1.aaaaaaaath2po7jlkx2abbblqmrjv356rcc7ppuzjv2aswyg63k7ejkl5xha"
            ],
            "state": "AVAILABLE",
            "subnet_domain_name": null,
            "time_created": "2025-10-21 13:20:45.441 +0000 UTC",
            "timeouts": null,
            "vcn_id": "ocid1.vcn.oc1.sa-saopaulo-1.amaaaaaaqedgxyya6vudewcgujoospejyqvjbphct4xrtybpb2bd2trpdrtq",
            "virtual_router_ip": "10.10.10.1",
            "virtual_router_mac": "00:00:17:70:3B:92"
          },
          "sensitive_attributes": [],
          "identity_schema_version": 0,
          "private": "eyJlMmJmYjczMC1lY2FhLTExZTYtOGY4OC0zNDM2M2JjN2M0YzAiOnsiY3JlYXRlIjoxMjAwMDAwMDAwMDAwLCJkZWxldGUiOjEyMDAwMDAwMDAwMDAsInVwZGF0ZSI6MTIwMDAwMDAwMDAwMH19",
          "dependencies": [
            "module.compartments.oci_identity_compartment.chocolatebranco_prod",
            "module.compartments.oci_identity_compartment.choquito_dev",
            "module.net_choc_prod.oci_core_internet_gateway.igw",
            "module.net_choc_prod.oci_core_route_table.rt",
            "module.net_choc_prod.oci_core_security_list.sl",
            "module.net_choc_prod.oci_core_vcn.this"
          ]
        }
      ]
    },
    {
      "module": "module.net_choc_prod",
      "mode": "managed",
      "type": "oci_core_vcn",
      "name": "this",
      "provider": "provider[\"registry.terraform.io/hashicorp/oci\"]",
      "instances": [
        {
          "schema_version": 0,
          "attributes": {
            "byoipv6cidr_blocks": [],
            "byoipv6cidr_details": null,
            "cidr_block": "10.10.0.0/16",
            "cidr_blocks": [
              "10.10.0.0/16"
            ],
            "compartment_id": "ocid1.compartment.oc1..aaaaaaaaezywcm6ls4qds6aq65fvsuyw4fit3rvcbcvpetrailpg7jv2bj4a",
            "default_dhcp_options_id": "ocid1.dhcpoptions.oc1.sa-saopaulo-1.aaaaaaaa5tsp53ikntssrtzx2tmwvkxifufl3rux3dnu55rc2yidemj2cwuq",
            "default_route_table_id": "ocid1.routetable.oc1.sa-saopaulo-1.aaaaaaaan33a2ss2wdrk3ytgclytdipsy7i3nfziahnenmkt2r3fw4qlbx3a",
            "default_security_list_id": "ocid1.securitylist.oc1.sa-saopaulo-1.aaaaaaaa5eul3ckwr2a4ad46rwn76sb6oe4ejuxshe4o2wdzgodqq46tigxq",
            "defined_tags": {
              "Oracle-Tags.CreatedBy": "default/carlosajdaniel@gmail.com",
              "Oracle-Tags.CreatedOn": "2025-10-21T13:20:43.897Z"
            },
            "display_name": "choc-prod-vcn",
            "dns_label": null,
            "freeform_tags": {},
            "id": "ocid1.vcn.oc1.sa-saopaulo-1.amaaaaaaqedgxyya6vudewcgujoospejyqvjbphct4xrtybpb2bd2trpdrtq",
            "ipv6cidr_blocks": [],
            "ipv6private_cidr_blocks": [],
            "is_ipv6enabled": false,
            "is_oracle_gua_allocation_enabled": null,
            "security_attributes": {},
            "state": "AVAILABLE",
            "time_created": "2025-10-21 13:20:43.947 +0000 UTC",
            "timeouts": null,
            "vcn_domain_name": null
          },
          "sensitive_attributes": [],
          "identity_schema_version": 0,
          "private": "eyJlMmJmYjczMC1lY2FhLTExZTYtOGY4OC0zNDM2M2JjN2M0YzAiOnsiY3JlYXRlIjoxMjAwMDAwMDAwMDAwLCJkZWxldGUiOjEyMDAwMDAwMDAwMDAsInVwZGF0ZSI6MTIwMDAwMDAwMDAwMH19",
          "dependencies": [
            "module.compartments.oci_identity_compartment.chocolatebranco_prod",
            "module.compartments.oci_identity_compartment.choquito_dev"
          ]
        }
      ]
    },
    {
      "module": "module.net_choq_prod",
      "mode": "managed",
      "type": "oci_core_internet_gateway",
      "name": "igw",
      "provider": "provider[\"registry.terraform.io/hashicorp/oci\"]",
      "instances": [
        {
          "schema_version": 0,
          "attributes": {
            "compartment_id": "ocid1.compartment.oc1..aaaaaaaakvdk4fj2qbkf6yknx53y3es73ph4jo3g6gklfr752v5doznm2yrq",
            "defined_tags": {
              "Oracle-Tags.CreatedBy": "default/carlosajdaniel@gmail.com",
              "Oracle-Tags.CreatedOn": "2025-10-21T13:20:44.439Z"
            },
            "display_name": "choq-prod-igw",
            "enabled": true,
            "freeform_tags": {},
            "id": "ocid1.internetgateway.oc1.sa-saopaulo-1.aaaaaaaalynsbtoafaq6fzl7ch3sybuzsvb7n2vywnjd2gbhodswr3rytvya",
            "route_table_id": null,
            "state": "AVAILABLE",
            "time_created": "2025-10-21 13:20:44.47 +0000 UTC",
            "timeouts": null,
            "vcn_id": "ocid1.vcn.oc1.sa-saopaulo-1.amaaaaaaqedgxyyapcvnkwdpzyil4af3mhb3zddq5mwixyxgezxg42523dza"
          },
          "sensitive_attributes": [],
          "identity_schema_version": 0,
          "private": "eyJlMmJmYjczMC1lY2FhLTExZTYtOGY4OC0zNDM2M2JjN2M0YzAiOnsiY3JlYXRlIjoxMjAwMDAwMDAwMDAwLCJkZWxldGUiOjEyMDAwMDAwMDAwMDAsInVwZGF0ZSI6MTIwMDAwMDAwMDAwMH19",
          "dependencies": [
            "module.compartments.oci_identity_compartment.chocolatebranco_prod",
            "module.compartments.oci_identity_compartment.choquito_dev",
            "module.net_choq_prod.oci_core_vcn.this"
          ]
        }
      ]
    },
    {
      "module": "module.net_choq_prod",
      "mode": "managed",
      "type": "oci_core_route_table",
      "name": "rt",
      "provider": "provider[\"registry.terraform.io/hashicorp/oci\"]",
      "instances": [
        {
          "schema_version": 0,
          "attributes": {
            "compartment_id": "ocid1.compartment.oc1..aaaaaaaakvdk4fj2qbkf6yknx53y3es73ph4jo3g6gklfr752v5doznm2yrq",
            "defined_tags": {
              "Oracle-Tags.CreatedBy": "default/carlosajdaniel@gmail.com",
              "Oracle-Tags.CreatedOn": "2025-10-21T13:20:44.919Z"
            },
            "display_name": "choq-prod-rt",
            "freeform_tags": {},
            "id": "ocid1.routetable.oc1.sa-saopaulo-1.aaaaaaaaqjsvqaut6fhxcizk3e2es57pcxpbai52qntaxlmiy52swbsfj4ca",
            "route_rules": [
              {
                "cidr_block": "",
                "description": "Default route to IGW",
                "destination": "0.0.0.0/0",
                "destination_type": "CIDR_BLOCK",
                "network_entity_id": "ocid1.internetgateway.oc1.sa-saopaulo-1.aaaaaaaalynsbtoafaq6fzl7ch3sybuzsvb7n2vywnjd2gbhodswr3rytvya",
                "route_type": "STATIC"
              }
            ],
            "state": "AVAILABLE",
            "time_created": "2025-10-21 13:20:44.95 +0000 UTC",
            "timeouts": null,
            "vcn_id": "ocid1.vcn.oc1.sa-saopaulo-1.amaaaaaaqedgxyyapcvnkwdpzyil4af3mhb3zddq5mwixyxgezxg42523dza"
          },
          "sensitive_attributes": [],
          "identity_schema_version": 0,
          "private": "eyJlMmJmYjczMC1lY2FhLTExZTYtOGY4OC0zNDM2M2JjN2M0YzAiOnsiY3JlYXRlIjoxMjAwMDAwMDAwMDAwLCJkZWxldGUiOjEyMDAwMDAwMDAwMDAsInVwZGF0ZSI6MTIwMDAwMDAwMDAwMH19",
          "dependencies": [
            "module.compartments.oci_identity_compartment.chocolatebranco_prod",
            "module.compartments.oci_identity_compartment.choquito_dev",
            "module.net_choq_prod.oci_core_internet_gateway.igw",
            "module.net_choq_prod.oci_core_vcn.this"
          ]
        }
      ]
    },
    {
      "module": "module.net_choq_prod",
      "mode": "managed",
      "type": "oci_core_security_list",
      "name": "sl",
      "provider": "provider[\"registry.terraform.io/hashicorp/oci\"]",
      "instances": [
        {
          "schema_version": 0,
          "attributes": {
            "compartment_id": "ocid1.compartment.oc1..aaaaaaaakvdk4fj2qbkf6yknx53y3es73ph4jo3g6gklfr752v5doznm2yrq",
            "defined_tags": {
              "Oracle-Tags.CreatedBy": "default/carlosajdaniel@gmail.com",
              "Oracle-Tags.CreatedOn": "2025-10-21T13:20:44.505Z"
            },
            "display_name": "choq-prod-sl",
            "egress_security_rules": [
              {
                "description": "",
                "destination": "0.0.0.0/0",
                "destination_type": "CIDR_BLOCK",
                "icmp_options": [],
                "protocol": "all",
                "stateless": false,
                "tcp_options": [],
                "udp_options": []
              }
            ],
            "freeform_tags": {},
            "id": "ocid1.securitylist.oc1.sa-saopaulo-1.aaaaaaaaume2ufshrgdmdscp2o5o3jcttjdamgs4muhat44pg57e25efypea",
            "ingress_security_rules": [
              {
                "description": "SSH apenas do meu IP",
                "icmp_options": [],
                "protocol": "6",
                "source": "179.193.2.49/32",
                "source_type": "CIDR_BLOCK",
                "stateless": false,
                "tcp_options": [
                  {
                    "max": 22,
                    "min": 22,
                    "source_port_range": []
                  }
                ],
                "udp_options": []
              }
            ],
            "state": "AVAILABLE",
            "time_created": "2025-10-21 13:20:44.534 +0000 UTC",
            "timeouts": null,
            "vcn_id": "ocid1.vcn.oc1.sa-saopaulo-1.amaaaaaaqedgxyyapcvnkwdpzyil4af3mhb3zddq5mwixyxgezxg42523dza"
          },
          "sensitive_attributes": [],
          "identity_schema_version": 0,
          "private": "eyJlMmJmYjczMC1lY2FhLTExZTYtOGY4OC0zNDM2M2JjN2M0YzAiOnsiY3JlYXRlIjoxMjAwMDAwMDAwMDAwLCJkZWxldGUiOjEyMDAwMDAwMDAwMDAsInVwZGF0ZSI6MTIwMDAwMDAwMDAwMH19",
          "dependencies": [
            "module.compartments.oci_identity_compartment.chocolatebranco_prod",
            "module.compartments.oci_identity_compartment.choquito_dev",
            "module.net_choq_prod.oci_core_vcn.this"
          ]
        }
      ]
    },
    {
      "module": "module.net_choq_prod",
      "mode": "managed",
      "type": "oci_core_subnet",
      "name": "public",
      "provider": "provider[\"registry.terraform.io/hashicorp/oci\"]",
      "instances": [
        {
          "schema_version": 0,
          "attributes": {
            "availability_domain": null,
            "cidr_block": "10.20.10.0/24",
            "compartment_id": "ocid1.compartment.oc1..aaaaaaaakvdk4fj2qbkf6yknx53y3es73ph4jo3g6gklfr752v5doznm2yrq",
            "defined_tags": {
              "Oracle-Tags.CreatedBy": "default/carlosajdaniel@gmail.com",
              "Oracle-Tags.CreatedOn": "2025-10-21T13:20:45.389Z"
            },
            "dhcp_options_id": "ocid1.dhcpoptions.oc1.sa-saopaulo-1.aaaaaaaaqfpfsqh544i24y34txkja6cts7tkheji363pzg2e3inlid5fgmoq",
            "display_name": "choq-prod-public-subnet",
            "dns_label": null,
            "freeform_tags": {},
            "id": "ocid1.subnet.oc1.sa-saopaulo-1.aaaaaaaakhymyuve2krig34sf34aslyomhsml3lujuwrhf44gxzwdqnbkzba",
            "ipv6cidr_block": null,
            "ipv6cidr_blocks": [],
            "ipv6virtual_router_ip": null,
            "prohibit_internet_ingress": false,
            "prohibit_public_ip_on_vnic": false,
            "route_table_id": "ocid1.routetable.oc1.sa-saopaulo-1.aaaaaaaaqjsvqaut6fhxcizk3e2es57pcxpbai52qntaxlmiy52swbsfj4ca",
            "security_list_ids": [
              "ocid1.securitylist.oc1.sa-saopaulo-1.aaaaaaaaume2ufshrgdmdscp2o5o3jcttjdamgs4muhat44pg57e25efypea"
            ],
            "state": "AVAILABLE",
            "subnet_domain_name": null,
            "time_created": "2025-10-21 13:20:45.435 +0000 UTC",
            "timeouts": null,
            "vcn_id": "ocid1.vcn.oc1.sa-saopaulo-1.amaaaaaaqedgxyyapcvnkwdpzyil4af3mhb3zddq5mwixyxgezxg42523dza",
            "virtual_router_ip": "10.20.10.1",
            "virtual_router_mac": "00:00:17:61:13:A0"
          },
          "sensitive_attributes": [],
          "identity_schema_version": 0,
          "private": "eyJlMmJmYjczMC1lY2FhLTExZTYtOGY4OC0zNDM2M2JjN2M0YzAiOnsiY3JlYXRlIjoxMjAwMDAwMDAwMDAwLCJkZWxldGUiOjEyMDAwMDAwMDAwMDAsInVwZGF0ZSI6MTIwMDAwMDAwMDAwMH19",
          "dependencies": [
            "module.compartments.oci_identity_compartment.chocolatebranco_prod",
            "module.compartments.oci_identity_compartment.choquito_dev",
            "module.net_choq_prod.oci_core_internet_gateway.igw",
            "module.net_choq_prod.oci_core_route_table.rt",
            "module.net_choq_prod.oci_core_security_list.sl",
            "module.net_choq_prod.oci_core_vcn.this"
          ]
        }
      ]
    },
    {
      "module": "module.net_choq_prod",
      "mode": "managed",
      "type": "oci_core_vcn",
      "name": "this",
      "provider": "provider[\"registry.terraform.io/hashicorp/oci\"]",
      "instances": [
        {
          "schema_version": 0,
          "attributes": {
            "byoipv6cidr_blocks": [],
            "byoipv6cidr_details": null,
            "cidr_block": "10.20.0.0/16",
            "cidr_blocks": [
              "10.20.0.0/16"
            ],
            "compartment_id": "ocid1.compartment.oc1..aaaaaaaakvdk4fj2qbkf6yknx53y3es73ph4jo3g6gklfr752v5doznm2yrq",
            "default_dhcp_options_id": "ocid1.dhcpoptions.oc1.sa-saopaulo-1.aaaaaaaaqfpfsqh544i24y34txkja6cts7tkheji363pzg2e3inlid5fgmoq",
            "default_route_table_id": "ocid1.routetable.oc1.sa-saopaulo-1.aaaaaaaan66n6u2uwu57jks4k2oid7fccidiim4eul2zecmi7qcftzft53na",
            "default_security_list_id": "ocid1.securitylist.oc1.sa-saopaulo-1.aaaaaaaamatdvy5o5t46d4c3xmmt36cn4loqg7gvmgx5vuko6bmuogytya7q",
            "defined_tags": {
              "Oracle-Tags.CreatedBy": "default/carlosajdaniel@gmail.com",
              "Oracle-Tags.CreatedOn": "2025-10-21T13:20:43.901Z"
            },
            "display_name": "choq-prod-vcn",
            "dns_label": null,
            "freeform_tags": {},
            "id": "ocid1.vcn.oc1.sa-saopaulo-1.amaaaaaaqedgxyyapcvnkwdpzyil4af3mhb3zddq5mwixyxgezxg42523dza",
            "ipv6cidr_blocks": [],
            "ipv6private_cidr_blocks": [],
            "is_ipv6enabled": false,
            "is_oracle_gua_allocation_enabled": null,
            "security_attributes": {},
            "state": "AVAILABLE",
            "time_created": "2025-10-21 13:20:43.96 +0000 UTC",
            "timeouts": null,
            "vcn_domain_name": null
          },
          "sensitive_attributes": [],
          "identity_schema_version": 0,
          "private": "eyJlMmJmYjczMC1lY2FhLTExZTYtOGY4OC0zNDM2M2JjN2M0YzAiOnsiY3JlYXRlIjoxMjAwMDAwMDAwMDAwLCJkZWxldGUiOjEyMDAwMDAwMDAwMDAsInVwZGF0ZSI6MTIwMDAwMDAwMDAwMH19",
          "dependencies": [
            "module.compartments.oci_identity_compartment.chocolatebranco_prod",
            "module.compartments.oci_identity_compartment.choquito_dev"
          ]
        }
      ]
    },
    {
      "module": "module.vm_choc_prod",
      "mode": "data",
      "type": "oci_core_images",
      "name": "ol",
      "provider": "provider[\"registry.terraform.io/hashicorp/oci\"]",
      "instances": [
        {
          "schema_version": 0,
          "attributes": {
            "compartment_id": "ocid1.compartment.oc1..aaaaaaaaezywcm6ls4qds6aq65fvsuyw4fit3rvcbcvpetrailpg7jv2bj4a",
            "display_name": null,
            "filter": null,
            "id": "CoreImagesDataSource-3429362032",
            "images": [
              {
                "agent_features": [],
                "base_image_id": "",
                "billable_size_in_gbs": "5",
                "compartment_id": "",
                "create_image_allowed": true,
                "defined_tags": {},
                "display_name": "Oracle-Linux-9.6-2025.09.16-0",
                "freeform_tags": {},
                "id": "ocid1.image.oc1.sa-saopaulo-1.aaaaaaaaw6nqzhytzohu4ubmtdglmftwrxa7tt3k4vrjyyhctgtpa4ueb5ca",
                "image_source_details": [],
                "instance_id": "",
                "launch_mode": "NATIVE",
                "launch_options": [
                  {
                    "boot_volume_type": "PARAVIRTUALIZED",
                    "firmware": "UEFI_64",
                    "is_consistent_volume_naming_enabled": true,
                    "is_pv_encryption_in_transit_enabled": true,
                    "network_type": "PARAVIRTUALIZED",
                    "remote_data_volume_type": "PARAVIRTUALIZED"
                  }
                ],
                "listing_type": "",
                "operating_system": "Oracle Linux",
                "operating_system_version": "9",
                "size_in_mbs": "47719",
                "state": "AVAILABLE",
                "time_created": "2025-09-24 04:11:14.355 +0000 UTC"
              },
              {
                "agent_features": [],
                "base_image_id": "",
                "billable_size_in_gbs": "5",
                "compartment_id": "",
                "create_image_allowed": true,
                "defined_tags": {},
                "display_name": "Oracle-Linux-9.6-2025.08.31-0",
                "freeform_tags": {},
                "id": "ocid1.image.oc1.sa-saopaulo-1.aaaaaaaaklhfktfgtaivicgan7bllvlpvhqfizvxfbitzmn2qoojj4hhje2q",
                "image_source_details": [],
                "instance_id": "",
                "launch_mode": "NATIVE",
                "launch_options": [
                  {
                    "boot_volume_type": "PARAVIRTUALIZED",
                    "firmware": "UEFI_64",
                    "is_consistent_volume_naming_enabled": true,
                    "is_pv_encryption_in_transit_enabled": true,
                    "network_type": "PARAVIRTUALIZED",
                    "remote_data_volume_type": "PARAVIRTUALIZED"
                  }
                ],
                "listing_type": "",
                "operating_system": "Oracle Linux",
                "operating_system_version": "9",
                "size_in_mbs": "47719",
                "state": "AVAILABLE",
                "time_created": "2025-09-03 04:03:08.59 +0000 UTC"
              },
              {
                "agent_features": [],
                "base_image_id": "",
                "billable_size_in_gbs": "5",
                "compartment_id": "",
                "create_image_allowed": true,
                "defined_tags": {},
                "display_name": "Oracle-Linux-9.6-2025.07.31-2",
                "freeform_tags": {},
                "id": "ocid1.image.oc1.sa-saopaulo-1.aaaaaaaa6xernq3m762v6h5m36t36vvqinj7hbgd77lr2fhbavsqjw2fav5q",
                "image_source_details": [],
                "instance_id": "",
                "launch_mode": "NATIVE",
                "launch_options": [
                  {
                    "boot_volume_type": "PARAVIRTUALIZED",
                    "firmware": "UEFI_64",
                    "is_consistent_volume_naming_enabled": true,
                    "is_pv_encryption_in_transit_enabled": true,
                    "network_type": "PARAVIRTUALIZED",
                    "remote_data_volume_type": "PARAVIRTUALIZED"
                  }
                ],
                "listing_type": "",
                "operating_system": "Oracle Linux",
                "operating_system_version": "9",
                "size_in_mbs": "47719",
                "state": "AVAILABLE",
                "time_created": "2025-08-26 03:31:50.901 +0000 UTC"
              }
            ],
            "operating_system": "Oracle Linux",
            "operating_system_version": "9",
            "shape": "VM.Standard.E2.1.Micro",
            "sort_by": "TIMECREATED",
            "sort_order": "DESC",
            "state": null
          },
          "sensitive_attributes": [],
          "identity_schema_version": 0
        }
      ]
    },
    {
      "module": "module.vm_choc_prod",
      "mode": "data",
      "type": "oci_identity_availability_domains",
      "name": "ads",
      "provider": "provider[\"registry.terraform.io/hashicorp/oci\"]",
      "instances": [
        {
          "schema_version": 0,
          "attributes": {
            "availability_domains": [
              {
                "compartment_id": "ocid1.compartment.oc1..aaaaaaaaezywcm6ls4qds6aq65fvsuyw4fit3rvcbcvpetrailpg7jv2bj4a",
                "id": "ocid1.availabilitydomain.oc1..aaaaaaaay5nesbty7quxigdwtp7axotkcglzi43jvfrnwvbv4dgjerqwxf5a",
                "name": "sKGF:SA-SAOPAULO-1-AD-1"
              }
            ],
            "compartment_id": "ocid1.compartment.oc1..aaaaaaaaezywcm6ls4qds6aq65fvsuyw4fit3rvcbcvpetrailpg7jv2bj4a",
            "filter": null,
            "id": "IdentityAvailabilityDomainsDataSource-2580399372"
          },
          "sensitive_attributes": [],
          "identity_schema_version": 0
        }
      ]
    },
    {
      "module": "module.vm_choc_prod",
      "mode": "managed",
      "type": "oci_core_instance",
      "name": "vm",
      "provider": "provider[\"registry.terraform.io/hashicorp/oci\"]",
      "instances": [
        {
          "schema_version": 0,
          "attributes": {
            "agent_config": [
              {
                "are_all_plugins_disabled": false,
                "is_management_disabled": false,
                "is_monitoring_disabled": false,
                "plugins_config": []
              }
            ],
            "async": null,
            "availability_config": [
              {
                "is_live_migration_preferred": false,
                "recovery_action": "RESTORE_INSTANCE"
              }
            ],
            "availability_domain": "sKGF:SA-SAOPAULO-1-AD-1",
            "boot_volume_id": "ocid1.bootvolume.oc1.sa-saopaulo-1.abtxeljrn4wcppmv5oozv3yue6ed7tg667xhfue7gsu4rgkig3vanon2cnoq",
            "capacity_reservation_id": null,
            "cluster_placement_group_id": null,
            "compartment_id": "ocid1.compartment.oc1..aaaaaaaaezywcm6ls4qds6aq65fvsuyw4fit3rvcbcvpetrailpg7jv2bj4a",
            "compute_cluster_id": null,
            "create_vnic_details": [
              {
                "assign_ipv6ip": false,
                "assign_private_dns_record": false,
                "assign_public_ip": "true",
                "defined_tags": {
                  "Oracle-Tags.CreatedBy": "default/carlosajdaniel@gmail.com",
                  "Oracle-Tags.CreatedOn": "2025-10-21T13:20:49.553Z"
                },
                "display_name": "vm-choc-prod-01",
                "freeform_tags": {},
                "hostname_label": "",
                "ipv6address_ipv6subnet_cidr_pair_details": [],
                "nsg_ids": [],
                "private_ip": "10.10.10.2",
                "security_attributes": {},
                "skip_source_dest_check": false,
                "subnet_id": "ocid1.subnet.oc1.sa-saopaulo-1.aaaaaaaau2rhlc7ss6t7jpuriqurfxvsotqmfxcvkc2qsz547c7tkxto533a",
                "vlan_id": ""
              }
            ],
            "dedicated_vm_host_id": null,
            "defined_tags": {
              "Oracle-Tags.CreatedBy": "default/carlosajdaniel@gmail.com",
              "Oracle-Tags.CreatedOn": "2025-10-21T13:20:49.426Z"
            },
            "display_name": "vm-choc-prod-01",
            "extended_metadata": {},
            "fault_domain": "FAULT-DOMAIN-2",
            "freeform_tags": {},
            "hostname_label": "",
            "id": "ocid1.instance.oc1.sa-saopaulo-1.antxeljrqedgxyyc5xh3ta4qdp3sp6xwcwvjril4tz7r6zmx65gvlfow2uoq",
            "image": "ocid1.image.oc1.sa-saopaulo-1.aaaaaaaaw6nqzhytzohu4ubmtdglmftwrxa7tt3k4vrjyyhctgtpa4ueb5ca",
            "instance_configuration_id": null,
            "instance_options": [
              {
                "are_legacy_imds_endpoints_disabled": false
              }
            ],
            "ipxe_script": null,
            "is_ai_enterprise_enabled": null,
            "is_cross_numa_node": false,
            "is_pv_encryption_in_transit_enabled": null,
            "launch_mode": "PARAVIRTUALIZED",
            "launch_options": [
              {
                "boot_volume_type": "PARAVIRTUALIZED",
                "firmware": "UEFI_64",
                "is_consistent_volume_naming_enabled": true,
                "is_pv_encryption_in_transit_enabled": false,
                "network_type": "PARAVIRTUALIZED",
                "remote_data_volume_type": "PARAVIRTUALIZED"
              }
            ],
            "launch_volume_attachments": null,
            "licensing_configs": [],
            "metadata": {
              "ssh_authorized_keys": "ssh-rsa AAAAB3NzaC1yc2EAAAADAQABAAACAQCShjdDg3yhCAAX475auQ8lj7ENxyOBuzyTKog6STD1m4fhhz9fVUxvBnKpqt7B/fsaRyTFoEfFiwjYaCk5MIXzA6QmCWxG6JDxzPwqXfFnOZdkWBHXgctN4LPt+npKF40Rdwo79xLlz+IvrYTA/nTRW6tG6dtpjCJVoEKftk3rN7W0WS3PSCSZeSUi2N+VSnte7hupRRBrKF6Fs8eHvCX7fK+4OicLegxtj8+uIV/1wcFUE78B9GWMmaFvi1dBLeAt874WMIfJc8yIPbfjWnqLNLiLdW3OuI6TWfPE4Kwp02irP65Kl5ei5YsepRdpneG+CYgkoPv+MwE3LXudKi5gIaRgXoleeabZPibspASnrRduRyyzJ80DVGdpNbfL5HTL5ivVvbkOaU4qXlJ9t3eYq1aO6QzEy9pc09kcWgrPReXQnPkji+6aC3i18+xK7GjQ4RT4Z4p7e4ZsmXhXe3c4ByCXtfZ2/3FE915VxZLxJaqfFyuLtXth6x1aW0LfK7pc5LnW8cZtsRmCRO9XlmUGe2rkAEVFE679qczZHzeNrzWqmaf5ByLI8O8ImYjY3H7gaSjoW6rbXQ36EXxOTlvItQC/4nB+lD3r5PdsJg2DK71Vqxp1rvHqMZq1fWl1VX/bGecYbgoS/Zc3PTWtxvxxM/Txkcp0BrfMBBfZRdoyqw== justo@jubuntu",
              "user_data": "I2Nsb3VkLWNvbmZpZwpwYWNrYWdlczoKLSBweXRob24zCnJ1bmNtZDoKLSBlY2hvICJIZWxsbyBmcm9tIHZtLWNob2MtcHJvZC0wMSIgPiAvZXRjL21vdGQK"
            },
            "placement_constraint_details": [],
            "platform_config": [],
            "preemptible_instance_config": [],
            "preserve_boot_volume": null,
            "preserve_data_volumes_created_at_launch": null,
            "private_ip": "10.10.10.2",
            "public_ip": "168.138.126.208",
            "region": "sa-saopaulo-1",
            "security_attributes": {},
            "security_attributes_state": "STABLE",
            "shape": "VM.Standard.E2.1.Micro",
            "shape_config": [
              {
                "baseline_ocpu_utilization": "",
                "gpu_description": "",
                "gpus": 0,
                "local_disk_description": "",
                "local_disks": 0,
                "local_disks_total_size_in_gbs": 0,
                "max_vnic_attachments": 1,
                "memory_in_gbs": 1,
                "networking_bandwidth_in_gbps": 0.47999998927116394,
                "nvmes": 0,
                "ocpus": 1,
                "processor_description": "2.0 GHz AMD EPYC™ 7551 (Naples)",
                "resource_management": "",
                "vcpus": 2
              }
            ],
            "source_details": [
              {
                "boot_volume_size_in_gbs": "50",
                "boot_volume_vpus_per_gb": "10",
                "instance_source_image_filter_details": [],
                "is_preserve_boot_volume_enabled": false,
                "kms_key_id": "",
                "source_id": "ocid1.image.oc1.sa-saopaulo-1.aaaaaaaaw6nqzhytzohu4ubmtdglmftwrxa7tt3k4vrjyyhctgtpa4ueb5ca",
                "source_type": "image"
              }
            ],
            "state": "RUNNING",
            "subnet_id": "ocid1.subnet.oc1.sa-saopaulo-1.aaaaaaaau2rhlc7ss6t7jpuriqurfxvsotqmfxcvkc2qsz547c7tkxto533a",
            "system_tags": {
              "orcl-cloud.free-tier-retained": "true"
            },
            "time_created": "2025-10-21 13:20:49.862 +0000 UTC",
            "time_maintenance_reboot_due": "",
            "timeouts": null,
            "update_operation_constraint": null
          },
          "sensitive_attributes": [],
          "identity_schema_version": 0,
          "private": "eyJlMmJmYjczMC1lY2FhLTExZTYtOGY4OC0zNDM2M2JjN2M0YzAiOnsiY3JlYXRlIjoyNzAwMDAwMDAwMDAwLCJkZWxldGUiOjQ1MDAwMDAwMDAwMDAsInVwZGF0ZSI6MjcwMDAwMDAwMDAwMH19",
          "dependencies": [
            "module.compartments.oci_identity_compartment.chocolatebranco_prod",
            "module.compartments.oci_identity_compartment.choquito_dev",
            "module.net_choc_prod.oci_core_internet_gateway.igw",
            "module.net_choc_prod.oci_core_route_table.rt",
            "module.net_choc_prod.oci_core_security_list.sl",
            "module.net_choc_prod.oci_core_subnet.public",
            "module.net_choc_prod.oci_core_vcn.this",
            "module.vm_choc_prod.data.oci_core_images.ol",
            "module.vm_choc_prod.data.oci_identity_availability_domains.ads"
          ]
        }
      ]
    },
    {
      "module": "module.vm_choq_prod",
      "mode": "data",
      "type": "oci_core_images",
      "name": "ol",
      "provider": "provider[\"registry.terraform.io/hashicorp/oci\"]",
      "instances": [
        {
          "schema_version": 0,
          "attributes": {
            "compartment_id": "ocid1.compartment.oc1..aaaaaaaakvdk4fj2qbkf6yknx53y3es73ph4jo3g6gklfr752v5doznm2yrq",
            "display_name": null,
            "filter": null,
            "id": "CoreImagesDataSource-2311808123",
            "images": [
              {
                "agent_features": [],
                "base_image_id": "",
                "billable_size_in_gbs": "5",
                "compartment_id": "",
                "create_image_allowed": true,
                "defined_tags": {},
                "display_name": "Oracle-Linux-9.6-2025.09.16-0",
                "freeform_tags": {},
                "id": "ocid1.image.oc1.sa-saopaulo-1.aaaaaaaaw6nqzhytzohu4ubmtdglmftwrxa7tt3k4vrjyyhctgtpa4ueb5ca",
                "image_source_details": [],
                "instance_id": "",
                "launch_mode": "NATIVE",
                "launch_options": [
                  {
                    "boot_volume_type": "PARAVIRTUALIZED",
                    "firmware": "UEFI_64",
                    "is_consistent_volume_naming_enabled": true,
                    "is_pv_encryption_in_transit_enabled": true,
                    "network_type": "PARAVIRTUALIZED",
                    "remote_data_volume_type": "PARAVIRTUALIZED"
                  }
                ],
                "listing_type": "",
                "operating_system": "Oracle Linux",
                "operating_system_version": "9",
                "size_in_mbs": "47719",
                "state": "AVAILABLE",
                "time_created": "2025-09-24 04:11:14.355 +0000 UTC"
              },
              {
                "agent_features": [],
                "base_image_id": "",
                "billable_size_in_gbs": "5",
                "compartment_id": "",
                "create_image_allowed": true,
                "defined_tags": {},
                "display_name": "Oracle-Linux-9.6-2025.08.31-0",
                "freeform_tags": {},
                "id": "ocid1.image.oc1.sa-saopaulo-1.aaaaaaaaklhfktfgtaivicgan7bllvlpvhqfizvxfbitzmn2qoojj4hhje2q",
                "image_source_details": [],
                "instance_id": "",
                "launch_mode": "NATIVE",
                "launch_options": [
                  {
                    "boot_volume_type": "PARAVIRTUALIZED",
                    "firmware": "UEFI_64",
                    "is_consistent_volume_naming_enabled": true,
                    "is_pv_encryption_in_transit_enabled": true,
                    "network_type": "PARAVIRTUALIZED",
                    "remote_data_volume_type": "PARAVIRTUALIZED"
                  }
                ],
                "listing_type": "",
                "operating_system": "Oracle Linux",
                "operating_system_version": "9",
                "size_in_mbs": "47719",
                "state": "AVAILABLE",
                "time_created": "2025-09-03 04:03:08.59 +0000 UTC"
              },
              {
                "agent_features": [],
                "base_image_id": "",
                "billable_size_in_gbs": "5",
                "compartment_id": "",
                "create_image_allowed": true,
                "defined_tags": {},
                "display_name": "Oracle-Linux-9.6-2025.07.31-2",
                "freeform_tags": {},
                "id": "ocid1.image.oc1.sa-saopaulo-1.aaaaaaaa6xernq3m762v6h5m36t36vvqinj7hbgd77lr2fhbavsqjw2fav5q",
                "image_source_details": [],
                "instance_id": "",
                "launch_mode": "NATIVE",
                "launch_options": [
                  {
                    "boot_volume_type": "PARAVIRTUALIZED",
                    "firmware": "UEFI_64",
                    "is_consistent_volume_naming_enabled": true,
                    "is_pv_encryption_in_transit_enabled": true,
                    "network_type": "PARAVIRTUALIZED",
                    "remote_data_volume_type": "PARAVIRTUALIZED"
                  }
                ],
                "listing_type": "",
                "operating_system": "Oracle Linux",
                "operating_system_version": "9",
                "size_in_mbs": "47719",
                "state": "AVAILABLE",
                "time_created": "2025-08-26 03:31:50.901 +0000 UTC"
              }
            ],
            "operating_system": "Oracle Linux",
            "operating_system_version": "9",
            "shape": "VM.Standard.E2.1.Micro",
            "sort_by": "TIMECREATED",
            "sort_order": "DESC",
            "state": null
          },
          "sensitive_attributes": [],
          "identity_schema_version": 0
        }
      ]
    },
    {
      "module": "module.vm_choq_prod",
      "mode": "data",
      "type": "oci_identity_availability_domains",
      "name": "ads",
      "provider": "provider[\"registry.terraform.io/hashicorp/oci\"]",
      "instances": [
        {
          "schema_version": 0,
          "attributes": {
            "availability_domains": [
              {
                "compartment_id": "ocid1.compartment.oc1..aaaaaaaakvdk4fj2qbkf6yknx53y3es73ph4jo3g6gklfr752v5doznm2yrq",
                "id": "ocid1.availabilitydomain.oc1..aaaaaaaay5nesbty7quxigdwtp7axotkcglzi43jvfrnwvbv4dgjerqwxf5a",
                "name": "sKGF:SA-SAOPAULO-1-AD-1"
              }
            ],
            "compartment_id": "ocid1.compartment.oc1..aaaaaaaakvdk4fj2qbkf6yknx53y3es73ph4jo3g6gklfr752v5doznm2yrq",
            "filter": null,
            "id": "IdentityAvailabilityDomainsDataSource-1684374176"
          },
          "sensitive_attributes": [],
          "identity_schema_version": 0
        }
      ]
    },
    {
      "module": "module.vm_choq_prod",
      "mode": "managed",
      "type": "oci_core_instance",
      "name": "vm",
      "provider": "provider[\"registry.terraform.io/hashicorp/oci\"]",
      "instances": [
        {
          "schema_version": 0,
          "attributes": {
            "agent_config": [
              {
                "are_all_plugins_disabled": false,
                "is_management_disabled": false,
                "is_monitoring_disabled": false,
                "plugins_config": []
              }
            ],
            "async": null,
            "availability_config": [
              {
                "is_live_migration_preferred": false,
                "recovery_action": "RESTORE_INSTANCE"
              }
            ],
            "availability_domain": "sKGF:SA-SAOPAULO-1-AD-1",
            "boot_volume_id": "ocid1.bootvolume.oc1.sa-saopaulo-1.abtxeljrc36vg4fszy3zovqrdwec43vf5ttwmjr27riuyhzbws7m223ocxsq",
            "capacity_reservation_id": null,
            "cluster_placement_group_id": null,
            "compartment_id": "ocid1.compartment.oc1..aaaaaaaakvdk4fj2qbkf6yknx53y3es73ph4jo3g6gklfr752v5doznm2yrq",
            "compute_cluster_id": null,
            "create_vnic_details": [
              {
                "assign_ipv6ip": false,
                "assign_private_dns_record": false,
                "assign_public_ip": "true",
                "defined_tags": {
                  "Oracle-Tags.CreatedBy": "default/carlosajdaniel@gmail.com",
                  "Oracle-Tags.CreatedOn": "2025-10-21T13:20:48.147Z"
                },
                "display_name": "vm-choq-prod-01",
                "freeform_tags": {},
                "hostname_label": "",
                "ipv6address_ipv6subnet_cidr_pair_details": [],
                "nsg_ids": [],
                "private_ip": "10.20.10.222",
                "security_attributes": {},
                "skip_source_dest_check": false,
                "subnet_id": "ocid1.subnet.oc1.sa-saopaulo-1.aaaaaaaakhymyuve2krig34sf34aslyomhsml3lujuwrhf44gxzwdqnbkzba",
                "vlan_id": ""
              }
            ],
            "dedicated_vm_host_id": null,
            "defined_tags": {
              "Oracle-Tags.CreatedBy": "default/carlosajdaniel@gmail.com",
              "Oracle-Tags.CreatedOn": "2025-10-21T13:20:48.034Z"
            },
            "display_name": "vm-choq-prod-01",
            "extended_metadata": {},
            "fault_domain": "FAULT-DOMAIN-2",
            "freeform_tags": {},
            "hostname_label": "",
            "id": "ocid1.instance.oc1.sa-saopaulo-1.antxeljrqedgxyyckukaqc3v3pakeuetut4523y2neyzvd4h4yizo3l5yuoa",
            "image": "ocid1.image.oc1.sa-saopaulo-1.aaaaaaaaw6nqzhytzohu4ubmtdglmftwrxa7tt3k4vrjyyhctgtpa4ueb5ca",
            "instance_configuration_id": null,
            "instance_options": [
              {
                "are_legacy_imds_endpoints_disabled": false
              }
            ],
            "ipxe_script": null,
            "is_ai_enterprise_enabled": null,
            "is_cross_numa_node": false,
            "is_pv_encryption_in_transit_enabled": null,
            "launch_mode": "PARAVIRTUALIZED",
            "launch_options": [
              {
                "boot_volume_type": "PARAVIRTUALIZED",
                "firmware": "UEFI_64",
                "is_consistent_volume_naming_enabled": true,
                "is_pv_encryption_in_transit_enabled": false,
                "network_type": "PARAVIRTUALIZED",
                "remote_data_volume_type": "PARAVIRTUALIZED"
              }
            ],
            "launch_volume_attachments": null,
            "licensing_configs": [],
            "metadata": {
              "ssh_authorized_keys": "ssh-rsa AAAAB3NzaC1yc2EAAAADAQABAAACAQCShjdDg3yhCAAX475auQ8lj7ENxyOBuzyTKog6STD1m4fhhz9fVUxvBnKpqt7B/fsaRyTFoEfFiwjYaCk5MIXzA6QmCWxG6JDxzPwqXfFnOZdkWBHXgctN4LPt+npKF40Rdwo79xLlz+IvrYTA/nTRW6tG6dtpjCJVoEKftk3rN7W0WS3PSCSZeSUi2N+VSnte7hupRRBrKF6Fs8eHvCX7fK+4OicLegxtj8+uIV/1wcFUE78B9GWMmaFvi1dBLeAt874WMIfJc8yIPbfjWnqLNLiLdW3OuI6TWfPE4Kwp02irP65Kl5ei5YsepRdpneG+CYgkoPv+MwE3LXudKi5gIaRgXoleeabZPibspASnrRduRyyzJ80DVGdpNbfL5HTL5ivVvbkOaU4qXlJ9t3eYq1aO6QzEy9pc09kcWgrPReXQnPkji+6aC3i18+xK7GjQ4RT4Z4p7e4ZsmXhXe3c4ByCXtfZ2/3FE915VxZLxJaqfFyuLtXth6x1aW0LfK7pc5LnW8cZtsRmCRO9XlmUGe2rkAEVFE679qczZHzeNrzWqmaf5ByLI8O8ImYjY3H7gaSjoW6rbXQ36EXxOTlvItQC/4nB+lD3r5PdsJg2DK71Vqxp1rvHqMZq1fWl1VX/bGecYbgoS/Zc3PTWtxvxxM/Txkcp0BrfMBBfZRdoyqw== justo@jubuntu",
              "user_data": "I2Nsb3VkLWNvbmZpZwpwYWNrYWdlczoKLSBweXRob24zCnJ1bmNtZDoKLSBlY2hvICJIZWxsbyBmcm9tIHZtLWNob3EtcHJvZC0wMSIgPiAvZXRjL21vdGQK"
            },
            "placement_constraint_details": [],
            "platform_config": [],
            "preemptible_instance_config": [],
            "preserve_boot_volume": null,
            "preserve_data_volumes_created_at_launch": null,
            "private_ip": "10.20.10.222",
            "public_ip": "146.235.42.185",
            "region": "sa-saopaulo-1",
            "security_attributes": {},
            "security_attributes_state": "STABLE",
            "shape": "VM.Standard.E2.1.Micro",
            "shape_config": [
              {
                "baseline_ocpu_utilization": "",
                "gpu_description": "",
                "gpus": 0,
                "local_disk_description": "",
                "local_disks": 0,
                "local_disks_total_size_in_gbs": 0,
                "max_vnic_attachments": 1,
                "memory_in_gbs": 1,
                "networking_bandwidth_in_gbps": 0.47999998927116394,
                "nvmes": 0,
                "ocpus": 1,
                "processor_description": "2.0 GHz AMD EPYC™ 7551 (Naples)",
                "resource_management": "",
                "vcpus": 2
              }
            ],
            "source_details": [
              {
                "boot_volume_size_in_gbs": "50",
                "boot_volume_vpus_per_gb": "10",
                "instance_source_image_filter_details": [],
                "is_preserve_boot_volume_enabled": false,
                "kms_key_id": "",
                "source_id": "ocid1.image.oc1.sa-saopaulo-1.aaaaaaaaw6nqzhytzohu4ubmtdglmftwrxa7tt3k4vrjyyhctgtpa4ueb5ca",
                "source_type": "image"
              }
            ],
            "state": "RUNNING",
            "subnet_id": "ocid1.subnet.oc1.sa-saopaulo-1.aaaaaaaakhymyuve2krig34sf34aslyomhsml3lujuwrhf44gxzwdqnbkzba",
            "system_tags": {
              "orcl-cloud.free-tier-retained": "true"
            },
            "time_created": "2025-10-21 13:20:48.515 +0000 UTC",
            "time_maintenance_reboot_due": "",
            "timeouts": null,
            "update_operation_constraint": null
          },
          "sensitive_attributes": [],
          "identity_schema_version": 0,
          "private": "eyJlMmJmYjczMC1lY2FhLTExZTYtOGY4OC0zNDM2M2JjN2M0YzAiOnsiY3JlYXRlIjoyNzAwMDAwMDAwMDAwLCJkZWxldGUiOjQ1MDAwMDAwMDAwMDAsInVwZGF0ZSI6MjcwMDAwMDAwMDAwMH19",
          "dependencies": [
            "module.compartments.oci_identity_compartment.chocolatebranco_prod",
            "module.compartments.oci_identity_compartment.choquito_dev",
            "module.net_choq_prod.oci_core_internet_gateway.igw",
            "module.net_choq_prod.oci_core_route_table.rt",
            "module.net_choq_prod.oci_core_security_list.sl",
            "module.net_choq_prod.oci_core_subnet.public",
            "module.net_choq_prod.oci_core_vcn.this",
            "module.vm_choq_prod.data.oci_core_images.ol",
            "module.vm_choq_prod.data.oci_identity_availability_domains.ads"
          ]
        }
      ]
    }
  ],
  "check_results": null
}
